// !$*UTF8*$!
{
	archiveVersion = 1;
	classes = {
	};
	objectVersion = 46;
	objects = {

/* Begin PBXBuildFile section */
		5B5C6F1F1F2BC4160035DF5B /* main.m in Sources */ = {isa = PBXBuildFile; fileRef = 5B5C6F1E1F2BC4160035DF5B /* main.m */; };
		5B5C6F221F2BC4160035DF5B /* AppDelegate.m in Sources */ = {isa = PBXBuildFile; fileRef = 5B5C6F211F2BC4160035DF5B /* AppDelegate.m */; };
		5B5C6F251F2BC4160035DF5B /* ViewController.m in Sources */ = {isa = PBXBuildFile; fileRef = 5B5C6F241F2BC4160035DF5B /* ViewController.m */; };
		5B5C6F281F2BC4160035DF5B /* Main.storyboard in Resources */ = {isa = PBXBuildFile; fileRef = 5B5C6F261F2BC4160035DF5B /* Main.storyboard */; };
		5B5C6F2A1F2BC4160035DF5B /* Assets.xcassets in Resources */ = {isa = PBXBuildFile; fileRef = 5B5C6F291F2BC4160035DF5B /* Assets.xcassets */; };
		5B5C6F2D1F2BC4160035DF5B /* LaunchScreen.storyboard in Resources */ = {isa = PBXBuildFile; fileRef = 5B5C6F2B1F2BC4160035DF5B /* LaunchScreen.storyboard */; };
		5B5C6F381F2BC4160035DF5B /* HooDatePickerViewControllerTests.m in Sources */ = {isa = PBXBuildFile; fileRef = 5B5C6F371F2BC4160035DF5B /* HooDatePickerViewControllerTests.m */; };
		5B5C6F431F2BC4160035DF5B /* HooDatePickerViewControllerUITests.m in Sources */ = {isa = PBXBuildFile; fileRef = 5B5C6F421F2BC4160035DF5B /* HooDatePickerViewControllerUITests.m */; };
/* End PBXBuildFile section */

/* Begin PBXContainerItemProxy section */
		5B5C6F341F2BC4160035DF5B /* PBXContainerItemProxy */ = {
			isa = PBXContainerItemProxy;
			containerPortal = 5B5C6F121F2BC4160035DF5B /* Project object */;
			proxyType = 1;
			remoteGlobalIDString = 5B5C6F191F2BC4160035DF5B;
			remoteInfo = HooDatePickerViewController;
		};
		5B5C6F3F1F2BC4160035DF5B /* PBXContainerItemProxy */ = {
			isa = PBXContainerItemProxy;
			containerPortal = 5B5C6F121F2BC4160035DF5B /* Project object */;
			proxyType = 1;
			remoteGlobalIDString = 5B5C6F191F2BC4160035DF5B;
			remoteInfo = HooDatePickerViewController;
		};
/* End PBXContainerItemProxy section */

/* Begin PBXFileReference section */
		5B5C6F1A1F2BC4160035DF5B /* HooDatePickerViewController.app */ = {isa = PBXFileReference; explicitFileType = wrapper.application; includeInIndex = 0; path = HooDatePickerViewController.app; sourceTree = BUILT_PRODUCTS_DIR; };
		5B5C6F1E1F2BC4160035DF5B /* main.m */ = {isa = PBXFileReference; lastKnownFileType = sourcecode.c.objc; path = main.m; sourceTree = "<group>"; };
		5B5C6F201F2BC4160035DF5B /* AppDelegate.h */ = {isa = PBXFileReference; lastKnownFileType = sourcecode.c.h; path = AppDelegate.h; sourceTree = "<group>"; };
		5B5C6F211F2BC4160035DF5B /* AppDelegate.m */ = {isa = PBXFileReference; lastKnownFileType = sourcecode.c.objc; path = AppDelegate.m; sourceTree = "<group>"; };
		5B5C6F231F2BC4160035DF5B /* ViewController.h */ = {isa = PBXFileReference; lastKnownFileType = sourcecode.c.h; path = ViewController.h; sourceTree = "<group>"; };
		5B5C6F241F2BC4160035DF5B /* ViewController.m */ = {isa = PBXFileReference; lastKnownFileType = sourcecode.c.objc; path = ViewController.m; sourceTree = "<group>"; };
		5B5C6F271F2BC4160035DF5B /* Base */ = {isa = PBXFileReference; lastKnownFileType = file.storyboard; name = Base; path = Base.lproj/Main.storyboard; sourceTree = "<group>"; };
		5B5C6F291F2BC4160035DF5B /* Assets.xcassets */ = {isa = PBXFileReference; lastKnownFileType = folder.assetcatalog; path = Assets.xcassets; sourceTree = "<group>"; };
		5B5C6F2C1F2BC4160035DF5B /* Base */ = {isa = PBXFileReference; lastKnownFileType = file.storyboard; name = Base; path = Base.lproj/LaunchScreen.storyboard; sourceTree = "<group>"; };
		5B5C6F2E1F2BC4160035DF5B /* Info.plist */ = {isa = PBXFileReference; lastKnownFileType = text.plist.xml; path = Info.plist; sourceTree = "<group>"; };
		5B5C6F331F2BC4160035DF5B /* HooDatePickerViewControllerTests.xctest */ = {isa = PBXFileReference; explicitFileType = wrapper.cfbundle; includeInIndex = 0; path = HooDatePickerViewControllerTests.xctest; sourceTree = BUILT_PRODUCTS_DIR; };
		5B5C6F371F2BC4160035DF5B /* HooDatePickerViewControllerTests.m */ = {isa = PBXFileReference; lastKnownFileType = sourcecode.c.objc; path = HooDatePickerViewControllerTests.m; sourceTree = "<group>"; };
		5B5C6F391F2BC4160035DF5B /* Info.plist */ = {isa = PBXFileReference; lastKnownFileType = text.plist.xml; path = Info.plist; sourceTree = "<group>"; };
		5B5C6F3E1F2BC4160035DF5B /* HooDatePickerViewControllerUITests.xctest */ = {isa = PBXFileReference; explicitFileType = wrapper.cfbundle; includeInIndex = 0; path = HooDatePickerViewControllerUITests.xctest; sourceTree = BUILT_PRODUCTS_DIR; };
		5B5C6F421F2BC4160035DF5B /* HooDatePickerViewControllerUITests.m */ = {isa = PBXFileReference; lastKnownFileType = sourcecode.c.objc; path = HooDatePickerViewControllerUITests.m; sourceTree = "<group>"; };
		5B5C6F441F2BC4160035DF5B /* Info.plist */ = {isa = PBXFileReference; lastKnownFileType = text.plist.xml; path = Info.plist; sourceTree = "<group>"; };
/* End PBXFileReference section */

/* Begin PBXFrameworksBuildPhase section */
		5B5C6F171F2BC4160035DF5B /* Frameworks */ = {
			isa = PBXFrameworksBuildPhase;
			buildActionMask = 2147483647;
			files = (
			);
			runOnlyForDeploymentPostprocessing = 0;
		};
		5B5C6F301F2BC4160035DF5B /* Frameworks */ = {
			isa = PBXFrameworksBuildPhase;
			buildActionMask = 2147483647;
			files = (
			);
			runOnlyForDeploymentPostprocessing = 0;
		};
		5B5C6F3B1F2BC4160035DF5B /* Frameworks */ = {
			isa = PBXFrameworksBuildPhase;
			buildActionMask = 2147483647;
			files = (
			);
			runOnlyForDeploymentPostprocessing = 0;
		};
/* End PBXFrameworksBuildPhase section */

/* Begin PBXGroup section */
		5B5C6F111F2BC4160035DF5B = {
			isa = PBXGroup;
			children = (
				5B5C6F1C1F2BC4160035DF5B /* HooDatePickerViewController */,
				5B5C6F361F2BC4160035DF5B /* HooDatePickerViewControllerTests */,
				5B5C6F411F2BC4160035DF5B /* HooDatePickerViewControllerUITests */,
				5B5C6F1B1F2BC4160035DF5B /* Products */,
			);
			sourceTree = "<group>";
		};
		5B5C6F1B1F2BC4160035DF5B /* Products */ = {
			isa = PBXGroup;
			children = (
				5B5C6F1A1F2BC4160035DF5B /* HooDatePickerViewController.app */,
				5B5C6F331F2BC4160035DF5B /* HooDatePickerViewControllerTests.xctest */,
				5B5C6F3E1F2BC4160035DF5B /* HooDatePickerViewControllerUITests.xctest */,
			);
			name = Products;
			sourceTree = "<group>";
		};
		5B5C6F1C1F2BC4160035DF5B /* HooDatePickerViewController */ = {
			isa = PBXGroup;
			children = (
				5B5C6F201F2BC4160035DF5B /* AppDelegate.h */,
				5B5C6F211F2BC4160035DF5B /* AppDelegate.m */,
				5B5C6F231F2BC4160035DF5B /* ViewController.h */,
				5B5C6F241F2BC4160035DF5B /* ViewController.m */,
				5B5C6F261F2BC4160035DF5B /* Main.storyboard */,
				5B5C6F291F2BC4160035DF5B /* Assets.xcassets */,
				5B5C6F2B1F2BC4160035DF5B /* LaunchScreen.storyboard */,
				5B5C6F2E1F2BC4160035DF5B /* Info.plist */,
				5B5C6F1D1F2BC4160035DF5B /* Supporting Files */,
			);
			path = HooDatePickerViewController;
			sourceTree = "<group>";
		};
		5B5C6F1D1F2BC4160035DF5B /* Supporting Files */ = {
			isa = PBXGroup;
			children = (
				5B5C6F1E1F2BC4160035DF5B /* main.m */,
			);
			name = "Supporting Files";
			sourceTree = "<group>";
		};
		5B5C6F361F2BC4160035DF5B /* HooDatePickerViewControllerTests */ = {
			isa = PBXGroup;
			children = (
				5B5C6F371F2BC4160035DF5B /* HooDatePickerViewControllerTests.m */,
				5B5C6F391F2BC4160035DF5B /* Info.plist */,
			);
			path = HooDatePickerViewControllerTests;
			sourceTree = "<group>";
		};
		5B5C6F411F2BC4160035DF5B /* HooDatePickerViewControllerUITests */ = {
			isa = PBXGroup;
			children = (
				5B5C6F421F2BC4160035DF5B /* HooDatePickerViewControllerUITests.m */,
				5B5C6F441F2BC4160035DF5B /* Info.plist */,
			);
			path = HooDatePickerViewControllerUITests;
			sourceTree = "<group>";
		};
/* End PBXGroup section */

/* Begin PBXNativeTarget section */
		5B5C6F191F2BC4160035DF5B /* HooDatePickerViewController */ = {
			isa = PBXNativeTarget;
			buildConfigurationList = 5B5C6F471F2BC4160035DF5B /* Build configuration list for PBXNativeTarget "HooDatePickerViewController" */;
			buildPhases = (
				5B5C6F161F2BC4160035DF5B /* Sources */,
				5B5C6F171F2BC4160035DF5B /* Frameworks */,
				5B5C6F181F2BC4160035DF5B /* Resources */,
			);
			buildRules = (
			);
			dependencies = (
			);
			name = HooDatePickerViewController;
			productName = HooDatePickerViewController;
			productReference = 5B5C6F1A1F2BC4160035DF5B /* HooDatePickerViewController.app */;
			productType = "com.apple.product-type.application";
		};
		5B5C6F321F2BC4160035DF5B /* HooDatePickerViewControllerTests */ = {
			isa = PBXNativeTarget;
			buildConfigurationList = 5B5C6F4A1F2BC4160035DF5B /* Build configuration list for PBXNativeTarget "HooDatePickerViewControllerTests" */;
			buildPhases = (
				5B5C6F2F1F2BC4160035DF5B /* Sources */,
				5B5C6F301F2BC4160035DF5B /* Frameworks */,
				5B5C6F311F2BC4160035DF5B /* Resources */,
			);
			buildRules = (
			);
			dependencies = (
				5B5C6F351F2BC4160035DF5B /* PBXTargetDependency */,
			);
			name = HooDatePickerViewControllerTests;
			productName = HooDatePickerViewControllerTests;
			productReference = 5B5C6F331F2BC4160035DF5B /* HooDatePickerViewControllerTests.xctest */;
			productType = "com.apple.product-type.bundle.unit-test";
		};
		5B5C6F3D1F2BC4160035DF5B /* HooDatePickerViewControllerUITests */ = {
			isa = PBXNativeTarget;
			buildConfigurationList = 5B5C6F4D1F2BC4160035DF5B /* Build configuration list for PBXNativeTarget "HooDatePickerViewControllerUITests" */;
			buildPhases = (
				5B5C6F3A1F2BC4160035DF5B /* Sources */,
				5B5C6F3B1F2BC4160035DF5B /* Frameworks */,
				5B5C6F3C1F2BC4160035DF5B /* Resources */,
			);
			buildRules = (
			);
			dependencies = (
				5B5C6F401F2BC4160035DF5B /* PBXTargetDependency */,
			);
			name = HooDatePickerViewControllerUITests;
			productName = HooDatePickerViewControllerUITests;
			productReference = 5B5C6F3E1F2BC4160035DF5B /* HooDatePickerViewControllerUITests.xctest */;
			productType = "com.apple.product-type.bundle.ui-testing";
		};
/* End PBXNativeTarget section */

/* Begin PBXProject section */
		5B5C6F121F2BC4160035DF5B /* Project object */ = {
			isa = PBXProject;
			attributes = {
				LastUpgradeCheck = 0830;
				ORGANIZATIONNAME = adesk.wmx;
				TargetAttributes = {
					5B5C6F191F2BC4160035DF5B = {
						CreatedOnToolsVersion = 8.3.3;
						ProvisioningStyle = Automatic;
					};
					5B5C6F321F2BC4160035DF5B = {
						CreatedOnToolsVersion = 8.3.3;
						ProvisioningStyle = Automatic;
						TestTargetID = 5B5C6F191F2BC4160035DF5B;
					};
					5B5C6F3D1F2BC4160035DF5B = {
						CreatedOnToolsVersion = 8.3.3;
						ProvisioningStyle = Automatic;
						TestTargetID = 5B5C6F191F2BC4160035DF5B;
					};
				};
			};
			buildConfigurationList = 5B5C6F151F2BC4160035DF5B /* Build configuration list for PBXProject "HooDatePickerViewController" */;
			compatibilityVersion = "Xcode 3.2";
			developmentRegion = English;
			hasScannedForEncodings = 0;
			knownRegions = (
				en,
				Base,
			);
			mainGroup = 5B5C6F111F2BC4160035DF5B;
			productRefGroup = 5B5C6F1B1F2BC4160035DF5B /* Products */;
			projectDirPath = "";
			projectRoot = "";
			targets = (
				5B5C6F191F2BC4160035DF5B /* HooDatePickerViewController */,
				5B5C6F321F2BC4160035DF5B /* HooDatePickerViewControllerTests */,
				5B5C6F3D1F2BC4160035DF5B /* HooDatePickerViewControllerUITests */,
			);
		};
/* End PBXProject section */

/* Begin PBXResourcesBuildPhase section */
		5B5C6F181F2BC4160035DF5B /* Resources */ = {
			isa = PBXResourcesBuildPhase;
			buildActionMask = 2147483647;
			files = (
				5B5C6F2D1F2BC4160035DF5B /* LaunchScreen.storyboard in Resources */,
				5B5C6F2A1F2BC4160035DF5B /* Assets.xcassets in Resources */,
				5B5C6F281F2BC4160035DF5B /* Main.storyboard in Resources */,
			);
			runOnlyForDeploymentPostprocessing = 0;
		};
		5B5C6F311F2BC4160035DF5B /* Resources */ = {
			isa = PBXResourcesBuildPhase;
			buildActionMask = 2147483647;
			files = (
			);
			runOnlyForDeploymentPostprocessing = 0;
		};
		5B5C6F3C1F2BC4160035DF5B /* Resources */ = {
			isa = PBXResourcesBuildPhase;
			buildActionMask = 2147483647;
			files = (
			);
			runOnlyForDeploymentPostprocessing = 0;
		};
/* End PBXResourcesBuildPhase section */

/* Begin PBXSourcesBuildPhase section */
		5B5C6F161F2BC4160035DF5B /* Sources */ = {
			isa = PBXSourcesBuildPhase;
			buildActionMask = 2147483647;
			files = (
				5B5C6F251F2BC4160035DF5B /* ViewController.m in Sources */,
				5B5C6F221F2BC4160035DF5B /* AppDelegate.m in Sources */,
				5B5C6F1F1F2BC4160035DF5B /* main.m in Sources */,
			);
			runOnlyForDeploymentPostprocessing = 0;
		};
		5B5C6F2F1F2BC4160035DF5B /* Sources */ = {
			isa = PBXSourcesBuildPhase;
			buildActionMask = 2147483647;
			files = (
				5B5C6F381F2BC4160035DF5B /* HooDatePickerViewControllerTests.m in Sources */,
			);
			runOnlyForDeploymentPostprocessing = 0;
		};
		5B5C6F3A1F2BC4160035DF5B /* Sources */ = {
			isa = PBXSourcesBuildPhase;
			buildActionMask = 2147483647;
			files = (
				5B5C6F431F2BC4160035DF5B /* HooDatePickerViewControllerUITests.m in Sources */,
			);
			runOnlyForDeploymentPostprocessing = 0;
		};
/* End PBXSourcesBuildPhase section */

/* Begin PBXTargetDependency section */
		5B5C6F351F2BC4160035DF5B /* PBXTargetDependency */ = {
			isa = PBXTargetDependency;
			target = 5B5C6F191F2BC4160035DF5B /* HooDatePickerViewController */;
			targetProxy = 5B5C6F341F2BC4160035DF5B /* PBXContainerItemProxy */;
		};
		5B5C6F401F2BC4160035DF5B /* PBXTargetDependency */ = {
			isa = PBXTargetDependency;
			target = 5B5C6F191F2BC4160035DF5B /* HooDatePickerViewController */;
			targetProxy = 5B5C6F3F1F2BC4160035DF5B /* PBXContainerItemProxy */;
		};
/* End PBXTargetDependency section */

/* Begin PBXVariantGroup section */
		5B5C6F261F2BC4160035DF5B /* Main.storyboard */ = {
			isa = PBXVariantGroup;
			children = (
				5B5C6F271F2BC4160035DF5B /* Base */,
			);
			name = Main.storyboard;
			sourceTree = "<group>";
		};
		5B5C6F2B1F2BC4160035DF5B /* LaunchScreen.storyboard */ = {
			isa = PBXVariantGroup;
			children = (
				5B5C6F2C1F2BC4160035DF5B /* Base */,
			);
			name = LaunchScreen.storyboard;
			sourceTree = "<group>";
		};
/* End PBXVariantGroup section */

/* Begin XCBuildConfiguration section */
		5B5C6F451F2BC4160035DF5B /* Debug */ = {
			isa = XCBuildConfiguration;
			buildSettings = {
				ALWAYS_SEARCH_USER_PATHS = NO;
				CLANG_ANALYZER_NONNULL = YES;
				CLANG_ANALYZER_NUMBER_OBJECT_CONVERSION = YES_AGGRESSIVE;
				CLANG_CXX_LANGUAGE_STANDARD = "gnu++0x";
				CLANG_CXX_LIBRARY = "libc++";
				CLANG_ENABLE_MODULES = YES;
				CLANG_ENABLE_OBJC_ARC = YES;
				CLANG_WARN_BOOL_CONVERSION = YES;
				CLANG_WARN_CONSTANT_CONVERSION = YES;
				CLANG_WARN_DIRECT_OBJC_ISA_USAGE = YES_ERROR;
				CLANG_WARN_DOCUMENTATION_COMMENTS = YES;
				CLANG_WARN_EMPTY_BODY = YES;
				CLANG_WARN_ENUM_CONVERSION = YES;
				CLANG_WARN_INFINITE_RECURSION = YES;
				CLANG_WARN_INT_CONVERSION = YES;
				CLANG_WARN_OBJC_ROOT_CLASS = YES_ERROR;
				CLANG_WARN_SUSPICIOUS_MOVE = YES;
				CLANG_WARN_UNREACHABLE_CODE = YES;
				CLANG_WARN__DUPLICATE_METHOD_MATCH = YES;
				"CODE_SIGN_IDENTITY[sdk=iphoneos*]" = "iPhone Developer";
				COPY_PHASE_STRIP = NO;
				DEBUG_INFORMATION_FORMAT = dwarf;
				ENABLE_STRICT_OBJC_MSGSEND = YES;
				ENABLE_TESTABILITY = YES;
				GCC_C_LANGUAGE_STANDARD = gnu99;
				GCC_DYNAMIC_NO_PIC = NO;
				GCC_NO_COMMON_BLOCKS = YES;
				GCC_OPTIMIZATION_LEVEL = 0;
				GCC_PREPROCESSOR_DEFINITIONS = (
					"DEBUG=1",
					"$(inherited)",
				);
				GCC_WARN_64_TO_32_BIT_CONVERSION = YES;
				GCC_WARN_ABOUT_RETURN_TYPE = YES_ERROR;
				GCC_WARN_UNDECLARED_SELECTOR = YES;
				GCC_WARN_UNINITIALIZED_AUTOS = YES_AGGRESSIVE;
				GCC_WARN_UNUSED_FUNCTION = YES;
				GCC_WARN_UNUSED_VARIABLE = YES;
				IPHONEOS_DEPLOYMENT_TARGET = 10.3;
				MTL_ENABLE_DEBUG_INFO = YES;
				ONLY_ACTIVE_ARCH = YES;
				SDKROOT = iphoneos;
				TARGETED_DEVICE_FAMILY = "1,2";
			};
			name = Debug;
		};
		5B5C6F461F2BC4160035DF5B /* Release */ = {
			isa = XCBuildConfiguration;
			buildSettings = {
				ALWAYS_SEARCH_USER_PATHS = NO;
				CLANG_ANALYZER_NONNULL = YES;
				CLANG_ANALYZER_NUMBER_OBJECT_CONVERSION = YES_AGGRESSIVE;
				CLANG_CXX_LANGUAGE_STANDARD = "gnu++0x";
				CLANG_CXX_LIBRARY = "libc++";
				CLANG_ENABLE_MODULES = YES;
				CLANG_ENABLE_OBJC_ARC = YES;
				CLANG_WARN_BOOL_CONVERSION = YES;
				CLANG_WARN_CONSTANT_CONVERSION = YES;
				CLANG_WARN_DIRECT_OBJC_ISA_USAGE = YES_ERROR;
				CLANG_WARN_DOCUMENTATION_COMMENTS = YES;
				CLANG_WARN_EMPTY_BODY = YES;
				CLANG_WARN_ENUM_CONVERSION = YES;
				CLANG_WARN_INFINITE_RECURSION = YES;
				CLANG_WARN_INT_CONVERSION = YES;
				CLANG_WARN_OBJC_ROOT_CLASS = YES_ERROR;
				CLANG_WARN_SUSPICIOUS_MOVE = YES;
				CLANG_WARN_UNREACHABLE_CODE = YES;
				CLANG_WARN__DUPLICATE_METHOD_MATCH = YES;
				"CODE_SIGN_IDENTITY[sdk=iphoneos*]" = "iPhone Developer";
				COPY_PHASE_STRIP = NO;
				DEBUG_INFORMATION_FORMAT = "dwarf-with-dsym";
				ENABLE_NS_ASSERTIONS = NO;
				ENABLE_STRICT_OBJC_MSGSEND = YES;
				GCC_C_LANGUAGE_STANDARD = gnu99;
				GCC_NO_COMMON_BLOCKS = YES;
				GCC_WARN_64_TO_32_BIT_CONVERSION = YES;
				GCC_WARN_ABOUT_RETURN_TYPE = YES_ERROR;
				GCC_WARN_UNDECLARED_SELECTOR = YES;
				GCC_WARN_UNINITIALIZED_AUTOS = YES_AGGRESSIVE;
				GCC_WARN_UNUSED_FUNCTION = YES;
				GCC_WARN_UNUSED_VARIABLE = YES;
				IPHONEOS_DEPLOYMENT_TARGET = 10.3;
				MTL_ENABLE_DEBUG_INFO = NO;
				SDKROOT = iphoneos;
				TARGETED_DEVICE_FAMILY = "1,2";
				VALIDATE_PRODUCT = YES;
			};
			name = Release;
		};
		5B5C6F481F2BC4160035DF5B /* Debug */ = {
			isa = XCBuildConfiguration;
			buildSettings = {
				ASSETCATALOG_COMPILER_APPICON_NAME = AppIcon;
				INFOPLIST_FILE = HooDatePickerViewController/Info.plist;
				LD_RUNPATH_SEARCH_PATHS = "$(inherited) @executable_path/Frameworks";
				PRODUCT_BUNDLE_IDENTIFIER = adesk.HooDatePickerViewController;
				PRODUCT_NAME = "$(TARGET_NAME)";
			};
			name = Debug;
		};
		5B5C6F491F2BC4160035DF5B /* Release */ = {
			isa = XCBuildConfiguration;
			buildSettings = {
				ASSETCATALOG_COMPILER_APPICON_NAME = AppIcon;
				INFOPLIST_FILE = HooDatePickerViewController/Info.plist;
				LD_RUNPATH_SEARCH_PATHS = "$(inherited) @executable_path/Frameworks";
				PRODUCT_BUNDLE_IDENTIFIER = adesk.HooDatePickerViewController;
				PRODUCT_NAME = "$(TARGET_NAME)";
			};
			name = Release;
		};
		5B5C6F4B1F2BC4160035DF5B /* Debug */ = {
			isa = XCBuildConfiguration;
			buildSettings = {
				BUNDLE_LOADER = "$(TEST_HOST)";
				INFOPLIST_FILE = HooDatePickerViewControllerTests/Info.plist;
				LD_RUNPATH_SEARCH_PATHS = "$(inherited) @executable_path/Frameworks @loader_path/Frameworks";
				PRODUCT_BUNDLE_IDENTIFIER = adesk.HooDatePickerViewControllerTests;
				PRODUCT_NAME = "$(TARGET_NAME)";
				TEST_HOST = "$(BUILT_PRODUCTS_DIR)/HooDatePickerViewController.app/HooDatePickerViewController";
			};
			name = Debug;
		};
		5B5C6F4C1F2BC4160035DF5B /* Release */ = {
			isa = XCBuildConfiguration;
			buildSettings = {
				BUNDLE_LOADER = "$(TEST_HOST)";
				INFOPLIST_FILE = HooDatePickerViewControllerTests/Info.plist;
				LD_RUNPATH_SEARCH_PATHS = "$(inherited) @executable_path/Frameworks @loader_path/Frameworks";
				PRODUCT_BUNDLE_IDENTIFIER = adesk.HooDatePickerViewControllerTests;
				PRODUCT_NAME = "$(TARGET_NAME)";
				TEST_HOST = "$(BUILT_PRODUCTS_DIR)/HooDatePickerViewController.app/HooDatePickerViewController";
			};
			name = Release;
		};
		5B5C6F4E1F2BC4160035DF5B /* Debug */ = {
			isa = XCBuildConfiguration;
			buildSettings = {
				INFOPLIST_FILE = HooDatePickerViewControllerUITests/Info.plist;
				LD_RUNPATH_SEARCH_PATHS = "$(inherited) @executable_path/Frameworks @loader_path/Frameworks";
				PRODUCT_BUNDLE_IDENTIFIER = adesk.HooDatePickerViewControllerUITests;
				PRODUCT_NAME = "$(TARGET_NAME)";
				TEST_TARGET_NAME = HooDatePickerViewController;
			};
			name = Debug;
		};
		5B5C6F4F1F2BC4160035DF5B /* Release */ = {
			isa = XCBuildConfiguration;
			buildSettings = {
				INFOPLIST_FILE = HooDatePickerViewControllerUITests/Info.plist;
				LD_RUNPATH_SEARCH_PATHS = "$(inherited) @executable_path/Frameworks @loader_path/Frameworks";
				PRODUCT_BUNDLE_IDENTIFIER = adesk.HooDatePickerViewControllerUITests;
				PRODUCT_NAME = "$(TARGET_NAME)";
				TEST_TARGET_NAME = HooDatePickerViewController;
			};
			name = Release;
		};
/* End XCBuildConfiguration section */

/* Begin XCConfigurationList section */
		5B5C6F151F2BC4160035DF5B /* Build configuration list for PBXProject "HooDatePickerViewController" */ = {
			isa = XCConfigurationList;
			buildConfigurations = (
				5B5C6F451F2BC4160035DF5B /* Debug */,
				5B5C6F461F2BC4160035DF5B /* Release */,
			);
			defaultConfigurationIsVisible = 0;
			defaultConfigurationName = Release;
		};
		5B5C6F471F2BC4160035DF5B /* Build configuration list for PBXNativeTarget "HooDatePickerViewController" */ = {
			isa = XCConfigurationList;
			buildConfigurations = (
				5B5C6F481F2BC4160035DF5B /* Debug */,
				5B5C6F491F2BC4160035DF5B /* Release */,
			);
			defaultConfigurationIsVisible = 0;
		};
		5B5C6F4A1F2BC4160035DF5B /* Build configuration list for PBXNativeTarget "HooDatePickerViewControllerTests" */ = {
			isa = XCConfigurationList;
			buildConfigurations = (
				5B5C6F4B1F2BC4160035DF5B /* Debug */,
				5B5C6F4C1F2BC4160035DF5B /* Release */,
			);
			defaultConfigurationIsVisible = 0;
		};
		5B5C6F4D1F2BC4160035DF5B /* Build configuration list for PBXNativeTarget "HooDatePickerViewControllerUITests" */ = {
			isa = XCConfigurationList;
			buildConfigurations = (
				5B5C6F4E1F2BC4160035DF5B /* Debug */,
				5B5C6F4F1F2BC4160035DF5B /* Release */,
			);
			defaultConfigurationIsVisible = 0;
		};
/* End XCConfigurationList section */
	};
	rootObject = 5B5C6F121F2BC4160035DF5B /* Project object */;
}
